
Microsoft Visual Studio Solution File, Format Version 12.00
# Visual Studio Version 17
VisualStudioVersion = 17.8.34309.116
MinimumVisualStudioVersion = 10.0.40219.1
Project("{FAE04EC0-301F-11D3-BF4B-00C04F79EFBC}") = "Exam_Task", "Exam_Task.csproj", "{6EFD7C16-5CD8-4D47-A19C-EEEAC030A340}"
EndProject
Global
	GlobalSection(SolutionConfigurationPlatforms) = preSolution
		Debug|Any CPU = Debug|Any CPU
		Release|Any CPU = Release|Any CPU
	EndGlobalSection
	GlobalSection(ProjectConfigurationPlatforms) = postSolution
		{6EFD7C16-5CD8-4D47-A19C-EEEAC030A340}.Debug|Any CPU.ActiveCfg = Debug|Any CPU
		{6EFD7C16-5CD8-4D47-A19C-EEEAC030A340}.Debug|Any CPU.Build.0 = Debug|Any CPU
		{6EFD7C16-5CD8-4D47-A19C-EEEAC030A340}.Release|Any CPU.ActiveCfg = Release|Any CPU
		{6EFD7C16-5CD8-4D47-A19C-EEEAC030A340}.Release|Any CPU.Build.0 = Release|Any CPU
	EndGlobalSection
	GlobalSection(SolutionProperties) = preSolution
		HideSolutionNode = FALSE
	EndGlobalSection
	GlobalSection(ExtensibilityGlobals) = postSolution
		SolutionGuid = {783F5266-9843-476B-99DC-11F11191D299}
	EndGlobalSection
EndGlobal
